
Microsoft Visual Studio Solution File, Format Version 12.00
# Visual Studio Version 16
VisualStudioVersion = 16.0.29509.3
MinimumVisualStudioVersion = 10.0.40219.1
Project("{FAE04EC0-301F-11D3-BF4B-00C04F79EFBC}") = "RecursosHumanosPRO", "RecursosHumanosPRO\RecursosHumanosPRO.csproj", "{FD480490-41E4-497B-A237-4800F5C90F51}"
EndProject
Global
	GlobalSection(SolutionConfigurationPlatforms) = preSolution
		Debug|Any CPU = Debug|Any CPU
		Release|Any CPU = Release|Any CPU
	EndGlobalSection
	GlobalSection(ProjectConfigurationPlatforms) = postSolution
		{FD480490-41E4-497B-A237-4800F5C90F51}.Debug|Any CPU.ActiveCfg = Debug|Any CPU
		{FD480490-41E4-497B-A237-4800F5C90F51}.Debug|Any CPU.Build.0 = Debug|Any CPU
		{FD480490-41E4-497B-A237-4800F5C90F51}.Release|Any CPU.ActiveCfg = Release|Any CPU
		{FD480490-41E4-497B-A237-4800F5C90F51}.Release|Any CPU.Build.0 = Release|Any CPU
	EndGlobalSection
	GlobalSection(SolutionProperties) = preSolution
		HideSolutionNode = FALSE
	EndGlobalSection
	GlobalSection(ExtensibilityGlobals) = postSolution
		SolutionGuid = {7477A94C-02DB-4791-9019-E1A736AD1DED}
	EndGlobalSection
EndGlobal
